PODS:
  - Alamofire (4.3.0)
  - BaiduMapKit (3.2.1)
  - Hero (0.1.1)
  - IQKeyboardManager (4.0.8)
  - MJRefresh (3.1.12)
  - NVActivityIndicatorView (3.2)
  - SDWebImage (3.8.2):
    - SDWebImage/Core (= 3.8.2)
  - SDWebImage/Core (3.8.2)
  - SwiftMessages (3.1.4)
  - TZImagePickerController (1.7.8)

DEPENDENCIES:
  - Alamofire
  - BaiduMapKit
  - Hero
  - IQKeyboardManager
  - MJRefresh
  - NVActivityIndicatorView
  - SDWebImage
  - SwiftMessages
  - TZImagePickerController

SPEC CHECKSUMS:
  Alamofire: 856a113053a7bc9cbe5d6367a555d773fc5cfef7
  BaiduMapKit: 9c748785aa3dddfc41dcb70c14b21ce32f680930
  Hero: b855122bc80662e7446300ca18c9e4bcb0679540
  IQKeyboardManager: 1a8189fa153bf09044355ee0ad36826f6767e7f7
  MJRefresh: b96cdb21c4aa75a7b07654311ab2f315c497e806
  NVActivityIndicatorView: 28942c18ced111a6a3ce5e6f5b27d9d40116d639
  SDWebImage: 098e97e6176540799c27e804c96653ee0833d13c
  SwiftMessages: 08386e74abe1b32fa8ac2075edb4043c56db709d
  TZImagePickerController: 87a138ae5d585225aaa6c8abe2cface0f0ad19dd

PODFILE CHECKSUM: 2cd842cc8bdb8041d633ebe353d7638356b7346f

COCOAPODS: 1.2.0.beta.3
