// !$*UTF8*$!
{
	archiveVersion = 1;
	classes = {
	};
	objectVersion = 46;
	objects = {

/* Begin PBXBuildFile section */
		66015722B1EE942C37B5C183 /* Pods_Practice.framework in Frameworks */ = {isa = PBXBuildFile; fileRef = 2D3A0EBDD55672EB18A279A5 /* Pods_Practice.framework */; };
		8922D21F1E139DBF00E93EF9 /* InputPasswordViewController.swift in Sources */ = {isa = PBXBuildFile; fileRef = 8922D21E1E139DBF00E93EF9 /* InputPasswordViewController.swift */; };
		8922D2211E13A61800E93EF9 /* URLaddress.swift in Sources */ = {isa = PBXBuildFile; fileRef = 8922D2201E13A61800E93EF9 /* URLaddress.swift */; };
		892B24A01E1C83E600DAB36C /* tomcat.cer in Resources */ = {isa = PBXBuildFile; fileRef = 892B249E1E1C83E600DAB36C /* tomcat.cer */; };
		892B24A11E1C83E600DAB36C /* client.p12 in Resources */ = {isa = PBXBuildFile; fileRef = 892B249F1E1C83E600DAB36C /* client.p12 */; };
		89788F601E149EE400C5477F /* InputPasswordCollege.swift in Sources */ = {isa = PBXBuildFile; fileRef = 89788F5F1E149EE400C5477F /* InputPasswordCollege.swift */; };
		89788F621E150D5D00C5477F /* SwiftMessageManager.swift in Sources */ = {isa = PBXBuildFile; fileRef = 89788F611E150D5D00C5477F /* SwiftMessageManager.swift */; };
		897EFE391E1B42790082D6F4 /* SwiftSlideRootViewController.swift in Sources */ = {isa = PBXBuildFile; fileRef = 897EFE371E1B42790082D6F4 /* SwiftSlideRootViewController.swift */; };
		897EFE3A1E1B42790082D6F4 /* UIView+Extension.swift in Sources */ = {isa = PBXBuildFile; fileRef = 897EFE381E1B42790082D6F4 /* UIView+Extension.swift */; };
		897EFE3F1E1B44190082D6F4 /* HomePageViewController.swift in Sources */ = {isa = PBXBuildFile; fileRef = 897EFE3E1E1B44190082D6F4 /* HomePageViewController.swift */; };
		897EFE411E1B443D0082D6F4 /* MessageViewController.swift in Sources */ = {isa = PBXBuildFile; fileRef = 897EFE401E1B443D0082D6F4 /* MessageViewController.swift */; };
		897EFE431E1B445C0082D6F4 /* PersonalInformationViewController.swift in Sources */ = {isa = PBXBuildFile; fileRef = 897EFE421E1B445C0082D6F4 /* PersonalInformationViewController.swift */; };
		897EFE471E1B77A90082D6F4 /* MessageModel.swift in Sources */ = {isa = PBXBuildFile; fileRef = 897EFE461E1B77A90082D6F4 /* MessageModel.swift */; };
		897EFE4A1E1B808E0082D6F4 /* MessageForDetailsViewController.swift in Sources */ = {isa = PBXBuildFile; fileRef = 897EFE491E1B808E0082D6F4 /* MessageForDetailsViewController.swift */; };
		89C594071E1C99FF003002EE /* PersonalInformationTableViewCell.swift in Sources */ = {isa = PBXBuildFile; fileRef = 89C594051E1C99FF003002EE /* PersonalInformationTableViewCell.swift */; };
		89C594081E1C99FF003002EE /* PersonalInformationTableViewCell.xib in Resources */ = {isa = PBXBuildFile; fileRef = 89C594061E1C99FF003002EE /* PersonalInformationTableViewCell.xib */; };
		89C5940B1E1CA6D3003002EE /* PersonalViewController.swift in Sources */ = {isa = PBXBuildFile; fileRef = 89C5940A1E1CA6D3003002EE /* PersonalViewController.swift */; };
		89C5940F1E1CBCB8003002EE /* SetUpViewController.swift in Sources */ = {isa = PBXBuildFile; fileRef = 89C5940E1E1CBCB8003002EE /* SetUpViewController.swift */; };
		89C594131E1CD236003002EE /* gcm.systop.com.cn.cer in Resources */ = {isa = PBXBuildFile; fileRef = 89C594121E1CD236003002EE /* gcm.systop.com.cn.cer */; };
		89C594171E1CD47A003002EE /* ChangePswViewController.swift in Sources */ = {isa = PBXBuildFile; fileRef = 89C594161E1CD47A003002EE /* ChangePswViewController.swift */; };
		89F82A1E1E121B720070A857 /* Registered ViewController.swift in Sources */ = {isa = PBXBuildFile; fileRef = 89F82A1D1E121B720070A857 /* Registered ViewController.swift */; };
		89F82A211E121D550070A857 /* BaseViewController.swift in Sources */ = {isa = PBXBuildFile; fileRef = 89F82A201E121D550070A857 /* BaseViewController.swift */; };
		89F82A241E123DD00070A857 /* RegularExpressions.swift in Sources */ = {isa = PBXBuildFile; fileRef = 89F82A231E123DD00070A857 /* RegularExpressions.swift */; };
		89F82A261E123FDD0070A857 /* MessageIdentifyViewController.swift in Sources */ = {isa = PBXBuildFile; fileRef = 89F82A251E123FDD0070A857 /* MessageIdentifyViewController.swift */; };
		89F9CC9E1E120FA800295C70 /* AppDelegate.swift in Sources */ = {isa = PBXBuildFile; fileRef = 89F9CC9D1E120FA800295C70 /* AppDelegate.swift */; };
		89F9CCA01E120FA800295C70 /* ViewController.swift in Sources */ = {isa = PBXBuildFile; fileRef = 89F9CC9F1E120FA800295C70 /* ViewController.swift */; };
		89F9CCA31E120FA800295C70 /* Main.storyboard in Resources */ = {isa = PBXBuildFile; fileRef = 89F9CCA11E120FA800295C70 /* Main.storyboard */; };
		89F9CCA51E120FA800295C70 /* Assets.xcassets in Resources */ = {isa = PBXBuildFile; fileRef = 89F9CCA41E120FA800295C70 /* Assets.xcassets */; };
		89F9CCA81E120FA800295C70 /* LaunchScreen.storyboard in Resources */ = {isa = PBXBuildFile; fileRef = 89F9CCA61E120FA800295C70 /* LaunchScreen.storyboard */; };
		89F9CCB31E120FA900295C70 /* PracticeTests.swift in Sources */ = {isa = PBXBuildFile; fileRef = 89F9CCB21E120FA900295C70 /* PracticeTests.swift */; };
		89F9CCBE1E120FA900295C70 /* PracticeUITests.swift in Sources */ = {isa = PBXBuildFile; fileRef = 89F9CCBD1E120FA900295C70 /* PracticeUITests.swift */; };
		89F9CCCD1E12103100295C70 /* File.swift in Sources */ = {isa = PBXBuildFile; fileRef = 89F9CCCB1E12103100295C70 /* File.swift */; };
		89F9CCCE1E12103100295C70 /* HttpRequestTool.swift in Sources */ = {isa = PBXBuildFile; fileRef = 89F9CCCC1E12103100295C70 /* HttpRequestTool.swift */; };
		89F9CCD01E12103A00295C70 /* LabelAndTFView.swift in Sources */ = {isa = PBXBuildFile; fileRef = 89F9CCCF1E12103A00295C70 /* LabelAndTFView.swift */; };
/* End PBXBuildFile section */

/* Begin PBXContainerItemProxy section */
		89F9CCAF1E120FA900295C70 /* PBXContainerItemProxy */ = {
			isa = PBXContainerItemProxy;
			containerPortal = 89F9CC921E120FA800295C70 /* Project object */;
			proxyType = 1;
			remoteGlobalIDString = 89F9CC991E120FA800295C70;
			remoteInfo = Practice;
		};
		89F9CCBA1E120FA900295C70 /* PBXContainerItemProxy */ = {
			isa = PBXContainerItemProxy;
			containerPortal = 89F9CC921E120FA800295C70 /* Project object */;
			proxyType = 1;
			remoteGlobalIDString = 89F9CC991E120FA800295C70;
			remoteInfo = Practice;
		};
/* End PBXContainerItemProxy section */

/* Begin PBXFileReference section */
		13E54BCFBD4A3E540ABAB2AA /* Pods-Practice.debug.xcconfig */ = {isa = PBXFileReference; includeInIndex = 1; lastKnownFileType = text.xcconfig; name = "Pods-Practice.debug.xcconfig"; path = "Pods/Target Support Files/Pods-Practice/Pods-Practice.debug.xcconfig"; sourceTree = "<group>"; };
		2D3A0EBDD55672EB18A279A5 /* Pods_Practice.framework */ = {isa = PBXFileReference; explicitFileType = wrapper.framework; includeInIndex = 0; path = Pods_Practice.framework; sourceTree = BUILT_PRODUCTS_DIR; };
		8922D21E1E139DBF00E93EF9 /* InputPasswordViewController.swift */ = {isa = PBXFileReference; fileEncoding = 4; lastKnownFileType = sourcecode.swift; path = InputPasswordViewController.swift; sourceTree = "<group>"; };
		8922D2201E13A61800E93EF9 /* URLaddress.swift */ = {isa = PBXFileReference; fileEncoding = 4; lastKnownFileType = sourcecode.swift; path = URLaddress.swift; sourceTree = "<group>"; };
		892B249E1E1C83E600DAB36C /* tomcat.cer */ = {isa = PBXFileReference; lastKnownFileType = file; path = tomcat.cer; sourceTree = "<group>"; };
		892B249F1E1C83E600DAB36C /* client.p12 */ = {isa = PBXFileReference; lastKnownFileType = file; path = client.p12; sourceTree = "<group>"; };
		89788F5F1E149EE400C5477F /* InputPasswordCollege.swift */ = {isa = PBXFileReference; fileEncoding = 4; lastKnownFileType = sourcecode.swift; path = InputPasswordCollege.swift; sourceTree = "<group>"; };
		89788F611E150D5D00C5477F /* SwiftMessageManager.swift */ = {isa = PBXFileReference; fileEncoding = 4; lastKnownFileType = sourcecode.swift; path = SwiftMessageManager.swift; sourceTree = "<group>"; };
		897EFE371E1B42790082D6F4 /* SwiftSlideRootViewController.swift */ = {isa = PBXFileReference; fileEncoding = 4; lastKnownFileType = sourcecode.swift; path = SwiftSlideRootViewController.swift; sourceTree = "<group>"; };
		897EFE381E1B42790082D6F4 /* UIView+Extension.swift */ = {isa = PBXFileReference; fileEncoding = 4; lastKnownFileType = sourcecode.swift; path = "UIView+Extension.swift"; sourceTree = "<group>"; };
		897EFE3E1E1B44190082D6F4 /* HomePageViewController.swift */ = {isa = PBXFileReference; fileEncoding = 4; lastKnownFileType = sourcecode.swift; path = HomePageViewController.swift; sourceTree = "<group>"; };
		897EFE401E1B443D0082D6F4 /* MessageViewController.swift */ = {isa = PBXFileReference; fileEncoding = 4; lastKnownFileType = sourcecode.swift; path = MessageViewController.swift; sourceTree = "<group>"; };
		897EFE421E1B445C0082D6F4 /* PersonalInformationViewController.swift */ = {isa = PBXFileReference; fileEncoding = 4; lastKnownFileType = sourcecode.swift; path = PersonalInformationViewController.swift; sourceTree = "<group>"; };
		897EFE461E1B77A90082D6F4 /* MessageModel.swift */ = {isa = PBXFileReference; fileEncoding = 4; lastKnownFileType = sourcecode.swift; path = MessageModel.swift; sourceTree = "<group>"; };
		897EFE491E1B808E0082D6F4 /* MessageForDetailsViewController.swift */ = {isa = PBXFileReference; fileEncoding = 4; lastKnownFileType = sourcecode.swift; path = MessageForDetailsViewController.swift; sourceTree = "<group>"; };
		89C594051E1C99FF003002EE /* PersonalInformationTableViewCell.swift */ = {isa = PBXFileReference; fileEncoding = 4; lastKnownFileType = sourcecode.swift; path = PersonalInformationTableViewCell.swift; sourceTree = "<group>"; };
		89C594061E1C99FF003002EE /* PersonalInformationTableViewCell.xib */ = {isa = PBXFileReference; fileEncoding = 4; lastKnownFileType = file.xib; path = PersonalInformationTableViewCell.xib; sourceTree = "<group>"; };
		89C5940A1E1CA6D3003002EE /* PersonalViewController.swift */ = {isa = PBXFileReference; fileEncoding = 4; lastKnownFileType = sourcecode.swift; path = PersonalViewController.swift; sourceTree = "<group>"; };
		89C5940E1E1CBCB8003002EE /* SetUpViewController.swift */ = {isa = PBXFileReference; fileEncoding = 4; lastKnownFileType = sourcecode.swift; path = SetUpViewController.swift; sourceTree = "<group>"; };
		89C594121E1CD236003002EE /* gcm.systop.com.cn.cer */ = {isa = PBXFileReference; fileEncoding = 4; lastKnownFileType = text; path = gcm.systop.com.cn.cer; sourceTree = "<group>"; };
		89C594161E1CD47A003002EE /* ChangePswViewController.swift */ = {isa = PBXFileReference; fileEncoding = 4; lastKnownFileType = sourcecode.swift; path = ChangePswViewController.swift; sourceTree = "<group>"; };
		89F82A1D1E121B720070A857 /* Registered ViewController.swift */ = {isa = PBXFileReference; fileEncoding = 4; lastKnownFileType = sourcecode.swift; path = "Registered ViewController.swift"; sourceTree = "<group>"; };
		89F82A201E121D550070A857 /* BaseViewController.swift */ = {isa = PBXFileReference; fileEncoding = 4; lastKnownFileType = sourcecode.swift; path = BaseViewController.swift; sourceTree = "<group>"; };
		89F82A231E123DD00070A857 /* RegularExpressions.swift */ = {isa = PBXFileReference; fileEncoding = 4; lastKnownFileType = sourcecode.swift; path = RegularExpressions.swift; sourceTree = "<group>"; };
		89F82A251E123FDD0070A857 /* MessageIdentifyViewController.swift */ = {isa = PBXFileReference; fileEncoding = 4; lastKnownFileType = sourcecode.swift; path = MessageIdentifyViewController.swift; sourceTree = "<group>"; };
		89F9CC9A1E120FA800295C70 /* Practice.app */ = {isa = PBXFileReference; explicitFileType = wrapper.application; includeInIndex = 0; path = Practice.app; sourceTree = BUILT_PRODUCTS_DIR; };
		89F9CC9D1E120FA800295C70 /* AppDelegate.swift */ = {isa = PBXFileReference; lastKnownFileType = sourcecode.swift; path = AppDelegate.swift; sourceTree = "<group>"; };
		89F9CC9F1E120FA800295C70 /* ViewController.swift */ = {isa = PBXFileReference; lastKnownFileType = sourcecode.swift; path = ViewController.swift; sourceTree = "<group>"; };
		89F9CCA21E120FA800295C70 /* Base */ = {isa = PBXFileReference; lastKnownFileType = file.storyboard; name = Base; path = Base.lproj/Main.storyboard; sourceTree = "<group>"; };
		89F9CCA41E120FA800295C70 /* Assets.xcassets */ = {isa = PBXFileReference; lastKnownFileType = folder.assetcatalog; path = Assets.xcassets; sourceTree = "<group>"; };
		89F9CCA71E120FA800295C70 /* Base */ = {isa = PBXFileReference; lastKnownFileType = file.storyboard; name = Base; path = Base.lproj/LaunchScreen.storyboard; sourceTree = "<group>"; };
		89F9CCA91E120FA800295C70 /* Info.plist */ = {isa = PBXFileReference; lastKnownFileType = text.plist.xml; path = Info.plist; sourceTree = "<group>"; };
		89F9CCAE1E120FA900295C70 /* PracticeTests.xctest */ = {isa = PBXFileReference; explicitFileType = wrapper.cfbundle; includeInIndex = 0; path = PracticeTests.xctest; sourceTree = BUILT_PRODUCTS_DIR; };
		89F9CCB21E120FA900295C70 /* PracticeTests.swift */ = {isa = PBXFileReference; lastKnownFileType = sourcecode.swift; path = PracticeTests.swift; sourceTree = "<group>"; };
		89F9CCB41E120FA900295C70 /* Info.plist */ = {isa = PBXFileReference; lastKnownFileType = text.plist.xml; path = Info.plist; sourceTree = "<group>"; };
		89F9CCB91E120FA900295C70 /* PracticeUITests.xctest */ = {isa = PBXFileReference; explicitFileType = wrapper.cfbundle; includeInIndex = 0; path = PracticeUITests.xctest; sourceTree = BUILT_PRODUCTS_DIR; };
		89F9CCBD1E120FA900295C70 /* PracticeUITests.swift */ = {isa = PBXFileReference; lastKnownFileType = sourcecode.swift; path = PracticeUITests.swift; sourceTree = "<group>"; };
		89F9CCBF1E120FA900295C70 /* Info.plist */ = {isa = PBXFileReference; lastKnownFileType = text.plist.xml; path = Info.plist; sourceTree = "<group>"; };
		89F9CCCB1E12103100295C70 /* File.swift */ = {isa = PBXFileReference; fileEncoding = 4; lastKnownFileType = sourcecode.swift; path = File.swift; sourceTree = "<group>"; };
		89F9CCCC1E12103100295C70 /* HttpRequestTool.swift */ = {isa = PBXFileReference; fileEncoding = 4; lastKnownFileType = sourcecode.swift; path = HttpRequestTool.swift; sourceTree = "<group>"; };
		89F9CCCF1E12103A00295C70 /* LabelAndTFView.swift */ = {isa = PBXFileReference; fileEncoding = 4; lastKnownFileType = sourcecode.swift; path = LabelAndTFView.swift; sourceTree = "<group>"; };
		C10377FF54CF2D0E90BFADC1 /* Pods-Practice.release.xcconfig */ = {isa = PBXFileReference; includeInIndex = 1; lastKnownFileType = text.xcconfig; name = "Pods-Practice.release.xcconfig"; path = "Pods/Target Support Files/Pods-Practice/Pods-Practice.release.xcconfig"; sourceTree = "<group>"; };
/* End PBXFileReference section */

/* Begin PBXFrameworksBuildPhase section */
		89F9CC971E120FA800295C70 /* Frameworks */ = {
			isa = PBXFrameworksBuildPhase;
			buildActionMask = 2147483647;
			files = (
				66015722B1EE942C37B5C183 /* Pods_Practice.framework in Frameworks */,
			);
			runOnlyForDeploymentPostprocessing = 0;
		};
		89F9CCAB1E120FA900295C70 /* Frameworks */ = {
			isa = PBXFrameworksBuildPhase;
			buildActionMask = 2147483647;
			files = (
			);
			runOnlyForDeploymentPostprocessing = 0;
		};
		89F9CCB61E120FA900295C70 /* Frameworks */ = {
			isa = PBXFrameworksBuildPhase;
			buildActionMask = 2147483647;
			files = (
			);
			runOnlyForDeploymentPostprocessing = 0;
		};
/* End PBXFrameworksBuildPhase section */

/* Begin PBXGroup section */
		002764E99502BC7FEE7E795F /* Pods */ = {
			isa = PBXGroup;
			children = (
				13E54BCFBD4A3E540ABAB2AA /* Pods-Practice.debug.xcconfig */,
				C10377FF54CF2D0E90BFADC1 /* Pods-Practice.release.xcconfig */,
			);
			name = Pods;
			sourceTree = "<group>";
		};
		6C78D2BB9401ABED259BF585 /* Frameworks */ = {
			isa = PBXGroup;
			children = (
				2D3A0EBDD55672EB18A279A5 /* Pods_Practice.framework */,
			);
			name = Frameworks;
			sourceTree = "<group>";
		};
		89788F5D1E149E4000C5477F /* C */ = {
			isa = PBXGroup;
			children = (
				89F82A1D1E121B720070A857 /* Registered ViewController.swift */,
				89F82A251E123FDD0070A857 /* MessageIdentifyViewController.swift */,
				8922D21E1E139DBF00E93EF9 /* InputPasswordViewController.swift */,
			);
			name = C;
			sourceTree = "<group>";
		};
		89788F5E1E149E4700C5477F /* M */ = {
			isa = PBXGroup;
			children = (
				89788F5F1E149EE400C5477F /* InputPasswordCollege.swift */,
			);
			name = M;
			sourceTree = "<group>";
		};
		897EFE361E1B42790082D6F4 /* 侧滑 */ = {
			isa = PBXGroup;
			children = (
				897EFE371E1B42790082D6F4 /* SwiftSlideRootViewController.swift */,
				897EFE381E1B42790082D6F4 /* UIView+Extension.swift */,
			);
			name = "侧滑";
			path = Swift;
			sourceTree = "<group>";
		};
		897EFE3B1E1B43B50082D6F4 /* 主页 */ = {
			isa = PBXGroup;
			children = (
				897EFE3E1E1B44190082D6F4 /* HomePageViewController.swift */,
			);
			name = "主页";
			sourceTree = "<group>";
		};
		897EFE3C1E1B43BF0082D6F4 /* 消息 */ = {
			isa = PBXGroup;
			children = (
				897EFE481E1B804E0082D6F4 /* 消息详情 */,
				897EFE451E1B77930082D6F4 /* M */,
				897EFE441E1B778E0082D6F4 /* C */,
			);
			name = "消息";
			sourceTree = "<group>";
		};
		897EFE3D1E1B43C50082D6F4 /* 个人设置 */ = {
			isa = PBXGroup;
			children = (
				89C5940D1E1CBC99003002EE /* 设置 */,
				89C594091E1CA698003002EE /* 个人信息 */,
				89C594041E1C99CB003002EE /* V */,
				89C594031E1C99C5003002EE /* C */,
			);
			name = "个人设置";
			sourceTree = "<group>";
		};
		897EFE441E1B778E0082D6F4 /* C */ = {
			isa = PBXGroup;
			children = (
				897EFE401E1B443D0082D6F4 /* MessageViewController.swift */,
			);
			name = C;
			sourceTree = "<group>";
		};
		897EFE451E1B77930082D6F4 /* M */ = {
			isa = PBXGroup;
			children = (
				897EFE461E1B77A90082D6F4 /* MessageModel.swift */,
			);
			name = M;
			sourceTree = "<group>";
		};
		897EFE481E1B804E0082D6F4 /* 消息详情 */ = {
			isa = PBXGroup;
			children = (
				897EFE491E1B808E0082D6F4 /* MessageForDetailsViewController.swift */,
			);
			name = "消息详情";
			sourceTree = "<group>";
		};
		89C594031E1C99C5003002EE /* C */ = {
			isa = PBXGroup;
			children = (
				897EFE421E1B445C0082D6F4 /* PersonalInformationViewController.swift */,
			);
			name = C;
			sourceTree = "<group>";
		};
		89C594041E1C99CB003002EE /* V */ = {
			isa = PBXGroup;
			children = (
				89C594051E1C99FF003002EE /* PersonalInformationTableViewCell.swift */,
				89C594061E1C99FF003002EE /* PersonalInformationTableViewCell.xib */,
			);
			name = V;
			sourceTree = "<group>";
		};
		89C594091E1CA698003002EE /* 个人信息 */ = {
			isa = PBXGroup;
			children = (
				89C5940C1E1CAA32003002EE /* C */,
			);
			name = "个人信息";
			sourceTree = "<group>";
		};
		89C5940C1E1CAA32003002EE /* C */ = {
			isa = PBXGroup;
			children = (
				89C5940A1E1CA6D3003002EE /* PersonalViewController.swift */,
			);
			name = C;
			sourceTree = "<group>";
		};
		89C5940D1E1CBC99003002EE /* 设置 */ = {
			isa = PBXGroup;
			children = (
				89C594151E1CD43E003002EE /* 修改密码 */,
				89C594141E1CD438003002EE /* C */,
			);
			name = "设置";
			sourceTree = "<group>";
		};
		89C594141E1CD438003002EE /* C */ = {
			isa = PBXGroup;
			children = (
				89C5940E1E1CBCB8003002EE /* SetUpViewController.swift */,
			);
			name = C;
			sourceTree = "<group>";
		};
		89C594151E1CD43E003002EE /* 修改密码 */ = {
			isa = PBXGroup;
			children = (
				89C594161E1CD47A003002EE /* ChangePswViewController.swift */,
			);
			name = "修改密码";
			sourceTree = "<group>";
		};
		89F82A181E121AD60070A857 /* Tool */ = {
			isa = PBXGroup;
			children = (
				897EFE361E1B42790082D6F4 /* 侧滑 */,
				89F9CCCB1E12103100295C70 /* File.swift */,
				89F9CCCC1E12103100295C70 /* HttpRequestTool.swift */,
				89F82A231E123DD00070A857 /* RegularExpressions.swift */,
				8922D2201E13A61800E93EF9 /* URLaddress.swift */,
				89788F611E150D5D00C5477F /* SwiftMessageManager.swift */,
			);
			name = Tool;
			sourceTree = "<group>";
		};
		89F82A191E121AE30070A857 /* Main */ = {
			isa = PBXGroup;
			children = (
				89F82A1A1E121AEB0070A857 /* C */,
				89F82A1B1E121AEF0070A857 /* V */,
			);
			name = Main;
			sourceTree = "<group>";
		};
		89F82A1A1E121AEB0070A857 /* C */ = {
			isa = PBXGroup;
			children = (
				89F9CC9D1E120FA800295C70 /* AppDelegate.swift */,
				89F9CC9F1E120FA800295C70 /* ViewController.swift */,
			);
			name = C;
			sourceTree = "<group>";
		};
		89F82A1B1E121AEF0070A857 /* V */ = {
			isa = PBXGroup;
			children = (
				89F9CCCF1E12103A00295C70 /* LabelAndTFView.swift */,
			);
			name = V;
			sourceTree = "<group>";
		};
		89F82A1C1E121B3B0070A857 /* 注册或找回密码 */ = {
			isa = PBXGroup;
			children = (
				89788F5E1E149E4700C5477F /* M */,
				89788F5D1E149E4000C5477F /* C */,
			);
			name = "注册或找回密码";
			sourceTree = "<group>";
		};
		89F82A221E1237A20070A857 /* Base */ = {
			isa = PBXGroup;
			children = (
				89F82A201E121D550070A857 /* BaseViewController.swift */,
			);
			name = Base;
			sourceTree = "<group>";
		};
		89F9CC911E120FA800295C70 = {
			isa = PBXGroup;
			children = (
				89F9CC9C1E120FA800295C70 /* Practice */,
				89F9CCB11E120FA900295C70 /* PracticeTests */,
				89F9CCBC1E120FA900295C70 /* PracticeUITests */,
				89F9CC9B1E120FA800295C70 /* Products */,
				002764E99502BC7FEE7E795F /* Pods */,
				6C78D2BB9401ABED259BF585 /* Frameworks */,
			);
			sourceTree = "<group>";
		};
		89F9CC9B1E120FA800295C70 /* Products */ = {
			isa = PBXGroup;
			children = (
				89F9CC9A1E120FA800295C70 /* Practice.app */,
				89F9CCAE1E120FA900295C70 /* PracticeTests.xctest */,
				89F9CCB91E120FA900295C70 /* PracticeUITests.xctest */,
			);
			name = Products;
			sourceTree = "<group>";
		};
		89F9CC9C1E120FA800295C70 /* Practice */ = {
			isa = PBXGroup;
			children = (
				897EFE3D1E1B43C50082D6F4 /* 个人设置 */,
				897EFE3C1E1B43BF0082D6F4 /* 消息 */,
				897EFE3B1E1B43B50082D6F4 /* 主页 */,
				89F82A221E1237A20070A857 /* Base */,
				89F82A1C1E121B3B0070A857 /* 注册或找回密码 */,
				89F82A191E121AE30070A857 /* Main */,
				89F82A181E121AD60070A857 /* Tool */,
				89F9CCA41E120FA800295C70 /* Assets.xcassets */,
				89F9CCA61E120FA800295C70 /* LaunchScreen.storyboard */,
				89F9CCA11E120FA800295C70 /* Main.storyboard */,
				89F9CCA91E120FA800295C70 /* Info.plist */,
				89C594121E1CD236003002EE /* gcm.systop.com.cn.cer */,
				892B249E1E1C83E600DAB36C /* tomcat.cer */,
				892B249F1E1C83E600DAB36C /* client.p12 */,
			);
			path = Practice;
			sourceTree = "<group>";
		};
		89F9CCB11E120FA900295C70 /* PracticeTests */ = {
			isa = PBXGroup;
			children = (
				89F9CCB21E120FA900295C70 /* PracticeTests.swift */,
				89F9CCB41E120FA900295C70 /* Info.plist */,
			);
			path = PracticeTests;
			sourceTree = "<group>";
		};
		89F9CCBC1E120FA900295C70 /* PracticeUITests */ = {
			isa = PBXGroup;
			children = (
				89F9CCBD1E120FA900295C70 /* PracticeUITests.swift */,
				89F9CCBF1E120FA900295C70 /* Info.plist */,
			);
			path = PracticeUITests;
			sourceTree = "<group>";
		};
/* End PBXGroup section */

/* Begin PBXNativeTarget section */
		89F9CC991E120FA800295C70 /* Practice */ = {
			isa = PBXNativeTarget;
			buildConfigurationList = 89F9CCC21E120FA900295C70 /* Build configuration list for PBXNativeTarget "Practice" */;
			buildPhases = (
				C007512873C26D169FEEA1B7 /* [CP] Check Pods Manifest.lock */,
				89F9CC961E120FA800295C70 /* Sources */,
				89F9CC971E120FA800295C70 /* Frameworks */,
				89F9CC981E120FA800295C70 /* Resources */,
				FF8D47BAA85668A9ED662DD1 /* [CP] Embed Pods Frameworks */,
				430962E305DB8F2C3BD32C94 /* [CP] Copy Pods Resources */,
			);
			buildRules = (
			);
			dependencies = (
			);
			name = Practice;
			productName = Practice;
			productReference = 89F9CC9A1E120FA800295C70 /* Practice.app */;
			productType = "com.apple.product-type.application";
		};
		89F9CCAD1E120FA900295C70 /* PracticeTests */ = {
			isa = PBXNativeTarget;
			buildConfigurationList = 89F9CCC51E120FA900295C70 /* Build configuration list for PBXNativeTarget "PracticeTests" */;
			buildPhases = (
				89F9CCAA1E120FA900295C70 /* Sources */,
				89F9CCAB1E120FA900295C70 /* Frameworks */,
				89F9CCAC1E120FA900295C70 /* Resources */,
			);
			buildRules = (
			);
			dependencies = (
				89F9CCB01E120FA900295C70 /* PBXTargetDependency */,
			);
			name = PracticeTests;
			productName = PracticeTests;
			productReference = 89F9CCAE1E120FA900295C70 /* PracticeTests.xctest */;
			productType = "com.apple.product-type.bundle.unit-test";
		};
		89F9CCB81E120FA900295C70 /* PracticeUITests */ = {
			isa = PBXNativeTarget;
			buildConfigurationList = 89F9CCC81E120FA900295C70 /* Build configuration list for PBXNativeTarget "PracticeUITests" */;
			buildPhases = (
				89F9CCB51E120FA900295C70 /* Sources */,
				89F9CCB61E120FA900295C70 /* Frameworks */,
				89F9CCB71E120FA900295C70 /* Resources */,
			);
			buildRules = (
			);
			dependencies = (
				89F9CCBB1E120FA900295C70 /* PBXTargetDependency */,
			);
			name = PracticeUITests;
			productName = PracticeUITests;
			productReference = 89F9CCB91E120FA900295C70 /* PracticeUITests.xctest */;
			productType = "com.apple.product-type.bundle.ui-testing";
		};
/* End PBXNativeTarget section */

/* Begin PBXProject section */
		89F9CC921E120FA800295C70 /* Project object */ = {
			isa = PBXProject;
			attributes = {
				LastSwiftUpdateCheck = 0820;
				LastUpgradeCheck = 0820;
				ORGANIZATIONNAME = "新龙科技";
				TargetAttributes = {
					89F9CC991E120FA800295C70 = {
						CreatedOnToolsVersion = 8.2.1;
						DevelopmentTeam = VALQ39Y9P2;
						ProvisioningStyle = Automatic;
					};
					89F9CCAD1E120FA900295C70 = {
						CreatedOnToolsVersion = 8.2.1;
						DevelopmentTeam = VALQ39Y9P2;
						ProvisioningStyle = Automatic;
						TestTargetID = 89F9CC991E120FA800295C70;
					};
					89F9CCB81E120FA900295C70 = {
						CreatedOnToolsVersion = 8.2.1;
						DevelopmentTeam = VALQ39Y9P2;
						ProvisioningStyle = Automatic;
						TestTargetID = 89F9CC991E120FA800295C70;
					};
				};
			};
			buildConfigurationList = 89F9CC951E120FA800295C70 /* Build configuration list for PBXProject "Practice" */;
			compatibilityVersion = "Xcode 3.2";
			developmentRegion = English;
			hasScannedForEncodings = 0;
			knownRegions = (
				en,
				Base,
			);
			mainGroup = 89F9CC911E120FA800295C70;
			productRefGroup = 89F9CC9B1E120FA800295C70 /* Products */;
			projectDirPath = "";
			projectRoot = "";
			targets = (
				89F9CC991E120FA800295C70 /* Practice */,
				89F9CCAD1E120FA900295C70 /* PracticeTests */,
				89F9CCB81E120FA900295C70 /* PracticeUITests */,
			);
		};
/* End PBXProject section */

/* Begin PBXResourcesBuildPhase section */
		89F9CC981E120FA800295C70 /* Resources */ = {
			isa = PBXResourcesBuildPhase;
			buildActionMask = 2147483647;
			files = (
				89C594081E1C99FF003002EE /* PersonalInformationTableViewCell.xib in Resources */,
				89C594131E1CD236003002EE /* gcm.systop.com.cn.cer in Resources */,
				89F9CCA81E120FA800295C70 /* LaunchScreen.storyboard in Resources */,
				89F9CCA51E120FA800295C70 /* Assets.xcassets in Resources */,
				892B24A01E1C83E600DAB36C /* tomcat.cer in Resources */,
				89F9CCA31E120FA800295C70 /* Main.storyboard in Resources */,
				892B24A11E1C83E600DAB36C /* client.p12 in Resources */,
			);
			runOnlyForDeploymentPostprocessing = 0;
		};
		89F9CCAC1E120FA900295C70 /* Resources */ = {
			isa = PBXResourcesBuildPhase;
			buildActionMask = 2147483647;
			files = (
			);
			runOnlyForDeploymentPostprocessing = 0;
		};
		89F9CCB71E120FA900295C70 /* Resources */ = {
			isa = PBXResourcesBuildPhase;
			buildActionMask = 2147483647;
			files = (
			);
			runOnlyForDeploymentPostprocessing = 0;
		};
/* End PBXResourcesBuildPhase section */

/* Begin PBXShellScriptBuildPhase section */
		430962E305DB8F2C3BD32C94 /* [CP] Copy Pods Resources */ = {
			isa = PBXShellScriptBuildPhase;
			buildActionMask = 2147483647;
			files = (
			);
			inputPaths = (
			);
			name = "[CP] Copy Pods Resources";
			outputPaths = (
			);
			runOnlyForDeploymentPostprocessing = 0;
			shellPath = /bin/sh;
			shellScript = "\"${SRCROOT}/Pods/Target Support Files/Pods-Practice/Pods-Practice-resources.sh\"\n";
			showEnvVarsInLog = 0;
		};
		C007512873C26D169FEEA1B7 /* [CP] Check Pods Manifest.lock */ = {
			isa = PBXShellScriptBuildPhase;
			buildActionMask = 2147483647;
			files = (
			);
			inputPaths = (
			);
			name = "[CP] Check Pods Manifest.lock";
			outputPaths = (
			);
			runOnlyForDeploymentPostprocessing = 0;
			shellPath = /bin/sh;
			shellScript = "diff \"${PODS_ROOT}/../Podfile.lock\" \"${PODS_ROOT}/Manifest.lock\" > /dev/null\nif [ $? != 0 ] ; then\n    # print error to STDERR\n    echo \"error: The sandbox is not in sync with the Podfile.lock. Run 'pod install' or update your CocoaPods installation.\" >&2\n    exit 1\nfi\n";
			showEnvVarsInLog = 0;
		};
		FF8D47BAA85668A9ED662DD1 /* [CP] Embed Pods Frameworks */ = {
			isa = PBXShellScriptBuildPhase;
			buildActionMask = 2147483647;
			files = (
			);
			inputPaths = (
			);
			name = "[CP] Embed Pods Frameworks";
			outputPaths = (
			);
			runOnlyForDeploymentPostprocessing = 0;
			shellPath = /bin/sh;
			shellScript = "\"${SRCROOT}/Pods/Target Support Files/Pods-Practice/Pods-Practice-frameworks.sh\"\n";
			showEnvVarsInLog = 0;
		};
/* End PBXShellScriptBuildPhase section */

/* Begin PBXSourcesBuildPhase section */
		89F9CC961E120FA800295C70 /* Sources */ = {
			isa = PBXSourcesBuildPhase;
			buildActionMask = 2147483647;
			files = (
				89F82A241E123DD00070A857 /* RegularExpressions.swift in Sources */,
				897EFE4A1E1B808E0082D6F4 /* MessageForDetailsViewController.swift in Sources */,
				89C594071E1C99FF003002EE /* PersonalInformationTableViewCell.swift in Sources */,
				89F9CCA01E120FA800295C70 /* ViewController.swift in Sources */,
				897EFE391E1B42790082D6F4 /* SwiftSlideRootViewController.swift in Sources */,
				897EFE3A1E1B42790082D6F4 /* UIView+Extension.swift in Sources */,
				89F9CCD01E12103A00295C70 /* LabelAndTFView.swift in Sources */,
				897EFE431E1B445C0082D6F4 /* PersonalInformationViewController.swift in Sources */,
				89788F601E149EE400C5477F /* InputPasswordCollege.swift in Sources */,
				89F9CCCD1E12103100295C70 /* File.swift in Sources */,
				89C5940B1E1CA6D3003002EE /* PersonalViewController.swift in Sources */,
				8922D21F1E139DBF00E93EF9 /* InputPasswordViewController.swift in Sources */,
				8922D2211E13A61800E93EF9 /* URLaddress.swift in Sources */,
				89F9CC9E1E120FA800295C70 /* AppDelegate.swift in Sources */,
				89F9CCCE1E12103100295C70 /* HttpRequestTool.swift in Sources */,
				89C594171E1CD47A003002EE /* ChangePswViewController.swift in Sources */,
				897EFE471E1B77A90082D6F4 /* MessageModel.swift in Sources */,
				89F82A261E123FDD0070A857 /* MessageIdentifyViewController.swift in Sources */,
				897EFE3F1E1B44190082D6F4 /* HomePageViewController.swift in Sources */,
				897EFE411E1B443D0082D6F4 /* MessageViewController.swift in Sources */,
				89788F621E150D5D00C5477F /* SwiftMessageManager.swift in Sources */,
				89C5940F1E1CBCB8003002EE /* SetUpViewController.swift in Sources */,
				89F82A211E121D550070A857 /* BaseViewController.swift in Sources */,
				89F82A1E1E121B720070A857 /* Registered ViewController.swift in Sources */,
			);
			runOnlyForDeploymentPostprocessing = 0;
		};
		89F9CCAA1E120FA900295C70 /* Sources */ = {
			isa = PBXSourcesBuildPhase;
			buildActionMask = 2147483647;
			files = (
				89F9CCB31E120FA900295C70 /* PracticeTests.swift in Sources */,
			);
			runOnlyForDeploymentPostprocessing = 0;
		};
		89F9CCB51E120FA900295C70 /* Sources */ = {
			isa = PBXSourcesBuildPhase;
			buildActionMask = 2147483647;
			files = (
				89F9CCBE1E120FA900295C70 /* PracticeUITests.swift in Sources */,
			);
			runOnlyForDeploymentPostprocessing = 0;
		};
/* End PBXSourcesBuildPhase section */

/* Begin PBXTargetDependency section */
		89F9CCB01E120FA900295C70 /* PBXTargetDependency */ = {
			isa = PBXTargetDependency;
			target = 89F9CC991E120FA800295C70 /* Practice */;
			targetProxy = 89F9CCAF1E120FA900295C70 /* PBXContainerItemProxy */;
		};
		89F9CCBB1E120FA900295C70 /* PBXTargetDependency */ = {
			isa = PBXTargetDependency;
			target = 89F9CC991E120FA800295C70 /* Practice */;
			targetProxy = 89F9CCBA1E120FA900295C70 /* PBXContainerItemProxy */;
		};
/* End PBXTargetDependency section */

/* Begin PBXVariantGroup section */
		89F9CCA11E120FA800295C70 /* Main.storyboard */ = {
			isa = PBXVariantGroup;
			children = (
				89F9CCA21E120FA800295C70 /* Base */,
			);
			name = Main.storyboard;
			sourceTree = "<group>";
		};
		89F9CCA61E120FA800295C70 /* LaunchScreen.storyboard */ = {
			isa = PBXVariantGroup;
			children = (
				89F9CCA71E120FA800295C70 /* Base */,
			);
			name = LaunchScreen.storyboard;
			sourceTree = "<group>";
		};
/* End PBXVariantGroup section */

/* Begin XCBuildConfiguration section */
		89F9CCC01E120FA900295C70 /* Debug */ = {
			isa = XCBuildConfiguration;
			buildSettings = {
				ALWAYS_SEARCH_USER_PATHS = NO;
				CLANG_ANALYZER_NONNULL = YES;
				CLANG_CXX_LANGUAGE_STANDARD = "gnu++0x";
				CLANG_CXX_LIBRARY = "libc++";
				CLANG_ENABLE_MODULES = YES;
				CLANG_ENABLE_OBJC_ARC = YES;
				CLANG_WARN_BOOL_CONVERSION = YES;
				CLANG_WARN_CONSTANT_CONVERSION = YES;
				CLANG_WARN_DIRECT_OBJC_ISA_USAGE = YES_ERROR;
				CLANG_WARN_DOCUMENTATION_COMMENTS = YES;
				CLANG_WARN_EMPTY_BODY = YES;
				CLANG_WARN_ENUM_CONVERSION = YES;
				CLANG_WARN_INFINITE_RECURSION = YES;
				CLANG_WARN_INT_CONVERSION = YES;
				CLANG_WARN_OBJC_ROOT_CLASS = YES_ERROR;
				CLANG_WARN_SUSPICIOUS_MOVE = YES;
				CLANG_WARN_UNREACHABLE_CODE = YES;
				CLANG_WARN__DUPLICATE_METHOD_MATCH = YES;
				"CODE_SIGN_IDENTITY[sdk=iphoneos*]" = "iPhone Developer";
				COPY_PHASE_STRIP = NO;
				DEBUG_INFORMATION_FORMAT = dwarf;
				ENABLE_STRICT_OBJC_MSGSEND = YES;
				ENABLE_TESTABILITY = YES;
				GCC_C_LANGUAGE_STANDARD = gnu99;
				GCC_DYNAMIC_NO_PIC = NO;
				GCC_NO_COMMON_BLOCKS = YES;
				GCC_OPTIMIZATION_LEVEL = 0;
				GCC_PREPROCESSOR_DEFINITIONS = (
					"DEBUG=1",
					"$(inherited)",
				);
				GCC_WARN_64_TO_32_BIT_CONVERSION = YES;
				GCC_WARN_ABOUT_RETURN_TYPE = YES_ERROR;
				GCC_WARN_UNDECLARED_SELECTOR = YES;
				GCC_WARN_UNINITIALIZED_AUTOS = YES_AGGRESSIVE;
				GCC_WARN_UNUSED_FUNCTION = YES;
				GCC_WARN_UNUSED_VARIABLE = YES;
				IPHONEOS_DEPLOYMENT_TARGET = 8.0;
				MTL_ENABLE_DEBUG_INFO = YES;
				ONLY_ACTIVE_ARCH = YES;
				SDKROOT = iphoneos;
				SWIFT_ACTIVE_COMPILATION_CONDITIONS = DEBUG;
				SWIFT_OPTIMIZATION_LEVEL = "-Onone";
			};
			name = Debug;
		};
		89F9CCC11E120FA900295C70 /* Release */ = {
			isa = XCBuildConfiguration;
			buildSettings = {
				ALWAYS_SEARCH_USER_PATHS = NO;
				CLANG_ANALYZER_NONNULL = YES;
				CLANG_CXX_LANGUAGE_STANDARD = "gnu++0x";
				CLANG_CXX_LIBRARY = "libc++";
				CLANG_ENABLE_MODULES = YES;
				CLANG_ENABLE_OBJC_ARC = YES;
				CLANG_WARN_BOOL_CONVERSION = YES;
				CLANG_WARN_CONSTANT_CONVERSION = YES;
				CLANG_WARN_DIRECT_OBJC_ISA_USAGE = YES_ERROR;
				CLANG_WARN_DOCUMENTATION_COMMENTS = YES;
				CLANG_WARN_EMPTY_BODY = YES;
				CLANG_WARN_ENUM_CONVERSION = YES;
				CLANG_WARN_INFINITE_RECURSION = YES;
				CLANG_WARN_INT_CONVERSION = YES;
				CLANG_WARN_OBJC_ROOT_CLASS = YES_ERROR;
				CLANG_WARN_SUSPICIOUS_MOVE = YES;
				CLANG_WARN_UNREACHABLE_CODE = YES;
				CLANG_WARN__DUPLICATE_METHOD_MATCH = YES;
				"CODE_SIGN_IDENTITY[sdk=iphoneos*]" = "iPhone Developer";
				COPY_PHASE_STRIP = NO;
				DEBUG_INFORMATION_FORMAT = "dwarf-with-dsym";
				ENABLE_NS_ASSERTIONS = NO;
				ENABLE_STRICT_OBJC_MSGSEND = YES;
				GCC_C_LANGUAGE_STANDARD = gnu99;
				GCC_NO_COMMON_BLOCKS = YES;
				GCC_WARN_64_TO_32_BIT_CONVERSION = YES;
				GCC_WARN_ABOUT_RETURN_TYPE = YES_ERROR;
				GCC_WARN_UNDECLARED_SELECTOR = YES;
				GCC_WARN_UNINITIALIZED_AUTOS = YES_AGGRESSIVE;
				GCC_WARN_UNUSED_FUNCTION = YES;
				GCC_WARN_UNUSED_VARIABLE = YES;
				IPHONEOS_DEPLOYMENT_TARGET = 8.0;
				MTL_ENABLE_DEBUG_INFO = NO;
				SDKROOT = iphoneos;
				SWIFT_OPTIMIZATION_LEVEL = "-Owholemodule";
				VALIDATE_PRODUCT = YES;
			};
			name = Release;
		};
		89F9CCC31E120FA900295C70 /* Debug */ = {
			isa = XCBuildConfiguration;
			baseConfigurationReference = 13E54BCFBD4A3E540ABAB2AA /* Pods-Practice.debug.xcconfig */;
			buildSettings = {
				ALWAYS_EMBED_SWIFT_STANDARD_LIBRARIES = YES;
				ASSETCATALOG_COMPILER_APPICON_NAME = AppIcon;
				DEVELOPMENT_TEAM = VALQ39Y9P2;
				ENABLE_BITCODE = NO;
				INFOPLIST_FILE = Practice/Info.plist;
				IPHONEOS_DEPLOYMENT_TARGET = 9.0;
				LD_RUNPATH_SEARCH_PATHS = "$(inherited) @executable_path/Frameworks";
				PRODUCT_BUNDLE_IDENTIFIER = zyx.Practice;
				PRODUCT_NAME = "$(TARGET_NAME)";
				SWIFT_VERSION = 3.0;
			};
			name = Debug;
		};
		89F9CCC41E120FA900295C70 /* Release */ = {
			isa = XCBuildConfiguration;
			baseConfigurationReference = C10377FF54CF2D0E90BFADC1 /* Pods-Practice.release.xcconfig */;
			buildSettings = {
				ALWAYS_EMBED_SWIFT_STANDARD_LIBRARIES = YES;
				ASSETCATALOG_COMPILER_APPICON_NAME = AppIcon;
				DEVELOPMENT_TEAM = VALQ39Y9P2;
				ENABLE_BITCODE = NO;
				INFOPLIST_FILE = Practice/Info.plist;
				IPHONEOS_DEPLOYMENT_TARGET = 9.0;
				LD_RUNPATH_SEARCH_PATHS = "$(inherited) @executable_path/Frameworks";
				PRODUCT_BUNDLE_IDENTIFIER = zyx.Practice;
				PRODUCT_NAME = "$(TARGET_NAME)";
				SWIFT_VERSION = 3.0;
			};
			name = Release;
		};
		89F9CCC61E120FA900295C70 /* Debug */ = {
			isa = XCBuildConfiguration;
			buildSettings = {
				ALWAYS_EMBED_SWIFT_STANDARD_LIBRARIES = YES;
				BUNDLE_LOADER = "$(TEST_HOST)";
				DEVELOPMENT_TEAM = VALQ39Y9P2;
				INFOPLIST_FILE = PracticeTests/Info.plist;
				LD_RUNPATH_SEARCH_PATHS = "$(inherited) @executable_path/Frameworks @loader_path/Frameworks";
				PRODUCT_BUNDLE_IDENTIFIER = zyx.PracticeTests;
				PRODUCT_NAME = "$(TARGET_NAME)";
				SWIFT_VERSION = 3.0;
				TEST_HOST = "$(BUILT_PRODUCTS_DIR)/Practice.app/Practice";
			};
			name = Debug;
		};
		89F9CCC71E120FA900295C70 /* Release */ = {
			isa = XCBuildConfiguration;
			buildSettings = {
				ALWAYS_EMBED_SWIFT_STANDARD_LIBRARIES = YES;
				BUNDLE_LOADER = "$(TEST_HOST)";
				DEVELOPMENT_TEAM = VALQ39Y9P2;
				INFOPLIST_FILE = PracticeTests/Info.plist;
				LD_RUNPATH_SEARCH_PATHS = "$(inherited) @executable_path/Frameworks @loader_path/Frameworks";
				PRODUCT_BUNDLE_IDENTIFIER = zyx.PracticeTests;
				PRODUCT_NAME = "$(TARGET_NAME)";
				SWIFT_VERSION = 3.0;
				TEST_HOST = "$(BUILT_PRODUCTS_DIR)/Practice.app/Practice";
			};
			name = Release;
		};
		89F9CCC91E120FA900295C70 /* Debug */ = {
			isa = XCBuildConfiguration;
			buildSettings = {
				ALWAYS_EMBED_SWIFT_STANDARD_LIBRARIES = YES;
				DEVELOPMENT_TEAM = VALQ39Y9P2;
				INFOPLIST_FILE = PracticeUITests/Info.plist;
				LD_RUNPATH_SEARCH_PATHS = "$(inherited) @executable_path/Frameworks @loader_path/Frameworks";
				PRODUCT_BUNDLE_IDENTIFIER = zyx.PracticeUITests;
				PRODUCT_NAME = "$(TARGET_NAME)";
				SWIFT_VERSION = 3.0;
				TEST_TARGET_NAME = Practice;
			};
			name = Debug;
		};
		89F9CCCA1E120FA900295C70 /* Release */ = {
			isa = XCBuildConfiguration;
			buildSettings = {
				ALWAYS_EMBED_SWIFT_STANDARD_LIBRARIES = YES;
				DEVELOPMENT_TEAM = VALQ39Y9P2;
				INFOPLIST_FILE = PracticeUITests/Info.plist;
				LD_RUNPATH_SEARCH_PATHS = "$(inherited) @executable_path/Frameworks @loader_path/Frameworks";
				PRODUCT_BUNDLE_IDENTIFIER = zyx.PracticeUITests;
				PRODUCT_NAME = "$(TARGET_NAME)";
				SWIFT_VERSION = 3.0;
				TEST_TARGET_NAME = Practice;
			};
			name = Release;
		};
/* End XCBuildConfiguration section */

/* Begin XCConfigurationList section */
		89F9CC951E120FA800295C70 /* Build configuration list for PBXProject "Practice" */ = {
			isa = XCConfigurationList;
			buildConfigurations = (
				89F9CCC01E120FA900295C70 /* Debug */,
				89F9CCC11E120FA900295C70 /* Release */,
			);
			defaultConfigurationIsVisible = 0;
			defaultConfigurationName = Release;
		};
		89F9CCC21E120FA900295C70 /* Build configuration list for PBXNativeTarget "Practice" */ = {
			isa = XCConfigurationList;
			buildConfigurations = (
				89F9CCC31E120FA900295C70 /* Debug */,
				89F9CCC41E120FA900295C70 /* Release */,
			);
			defaultConfigurationIsVisible = 0;
			defaultConfigurationName = Release;
		};
		89F9CCC51E120FA900295C70 /* Build configuration list for PBXNativeTarget "PracticeTests" */ = {
			isa = XCConfigurationList;
			buildConfigurations = (
				89F9CCC61E120FA900295C70 /* Debug */,
				89F9CCC71E120FA900295C70 /* Release */,
			);
			defaultConfigurationIsVisible = 0;
			defaultConfigurationName = Release;
		};
		89F9CCC81E120FA900295C70 /* Build configuration list for PBXNativeTarget "PracticeUITests" */ = {
			isa = XCConfigurationList;
			buildConfigurations = (
				89F9CCC91E120FA900295C70 /* Debug */,
				89F9CCCA1E120FA900295C70 /* Release */,
			);
			defaultConfigurationIsVisible = 0;
			defaultConfigurationName = Release;
		};
/* End XCConfigurationList section */
	};
	rootObject = 89F9CC921E120FA800295C70 /* Project object */;
}
